// !$*UTF8*$!
{
	archiveVersion = 1;
	classes = {
	};
	objectVersion = 56;
	objects = {

/* Begin PBXBuildFile section */
		E216A81E29A9DDB700D97807 /* ViewsAndModifiersApp.swift in Sources */ = {isa = PBXBuildFile; fileRef = E216A81D29A9DDB700D97807 /* ViewsAndModifiersApp.swift */; };
		E216A82029A9DDB700D97807 /* ContentView.swift in Sources */ = {isa = PBXBuildFile; fileRef = E216A81F29A9DDB700D97807 /* ContentView.swift */; };
		E216A82229A9DDBD00D97807 /* Assets.xcassets in Resources */ = {isa = PBXBuildFile; fileRef = E216A82129A9DDBD00D97807 /* Assets.xcassets */; };
		E216A82529A9DDBD00D97807 /* Preview Assets.xcassets in Resources */ = {isa = PBXBuildFile; fileRef = E216A82429A9DDBD00D97807 /* Preview Assets.xcassets */; };
		E216A82F29A9DDBE00D97807 /* ViewsAndModifiersTests.swift in Sources */ = {isa = PBXBuildFile; fileRef = E216A82E29A9DDBE00D97807 /* ViewsAndModifiersTests.swift */; };
		E216A83929A9DDBE00D97807 /* ViewsAndModifiersUITests.swift in Sources */ = {isa = PBXBuildFile; fileRef = E216A83829A9DDBE00D97807 /* ViewsAndModifiersUITests.swift */; };
		E216A83B29A9DDBE00D97807 /* ViewsAndModifiersUITestsLaunchTests.swift in Sources */ = {isa = PBXBuildFile; fileRef = E216A83A29A9DDBE00D97807 /* ViewsAndModifiersUITestsLaunchTests.swift */; };
/* End PBXBuildFile section */

/* Begin PBXContainerItemProxy section */
		E216A82B29A9DDBE00D97807 /* PBXContainerItemProxy */ = {
			isa = PBXContainerItemProxy;
			containerPortal = E216A81229A9DDB700D97807 /* Project object */;
			proxyType = 1;
			remoteGlobalIDString = E216A81929A9DDB700D97807;
			remoteInfo = ViewsAndModifiers;
		};
		E216A83529A9DDBE00D97807 /* PBXContainerItemProxy */ = {
			isa = PBXContainerItemProxy;
			containerPortal = E216A81229A9DDB700D97807 /* Project object */;
			proxyType = 1;
			remoteGlobalIDString = E216A81929A9DDB700D97807;
			remoteInfo = ViewsAndModifiers;
		};
/* End PBXContainerItemProxy section */

/* Begin PBXFileReference section */
		E216A81A29A9DDB700D97807 /* ViewsAndModifiers.app */ = {isa = PBXFileReference; explicitFileType = wrapper.application; includeInIndex = 0; path = ViewsAndModifiers.app; sourceTree = BUILT_PRODUCTS_DIR; };
		E216A81D29A9DDB700D97807 /* ViewsAndModifiersApp.swift */ = {isa = PBXFileReference; lastKnownFileType = sourcecode.swift; path = ViewsAndModifiersApp.swift; sourceTree = "<group>"; };
		E216A81F29A9DDB700D97807 /* ContentView.swift */ = {isa = PBXFileReference; lastKnownFileType = sourcecode.swift; path = ContentView.swift; sourceTree = "<group>"; };
		E216A82129A9DDBD00D97807 /* Assets.xcassets */ = {isa = PBXFileReference; lastKnownFileType = folder.assetcatalog; path = Assets.xcassets; sourceTree = "<group>"; };
		E216A82429A9DDBD00D97807 /* Preview Assets.xcassets */ = {isa = PBXFileReference; lastKnownFileType = folder.assetcatalog; path = "Preview Assets.xcassets"; sourceTree = "<group>"; };
		E216A82A29A9DDBE00D97807 /* ViewsAndModifiersTests.xctest */ = {isa = PBXFileReference; explicitFileType = wrapper.cfbundle; includeInIndex = 0; path = ViewsAndModifiersTests.xctest; sourceTree = BUILT_PRODUCTS_DIR; };
		E216A82E29A9DDBE00D97807 /* ViewsAndModifiersTests.swift */ = {isa = PBXFileReference; lastKnownFileType = sourcecode.swift; path = ViewsAndModifiersTests.swift; sourceTree = "<group>"; };
		E216A83429A9DDBE00D97807 /* ViewsAndModifiersUITests.xctest */ = {isa = PBXFileReference; explicitFileType = wrapper.cfbundle; includeInIndex = 0; path = ViewsAndModifiersUITests.xctest; sourceTree = BUILT_PRODUCTS_DIR; };
		E216A83829A9DDBE00D97807 /* ViewsAndModifiersUITests.swift */ = {isa = PBXFileReference; lastKnownFileType = sourcecode.swift; path = ViewsAndModifiersUITests.swift; sourceTree = "<group>"; };
		E216A83A29A9DDBE00D97807 /* ViewsAndModifiersUITestsLaunchTests.swift */ = {isa = PBXFileReference; lastKnownFileType = sourcecode.swift; path = ViewsAndModifiersUITestsLaunchTests.swift; sourceTree = "<group>"; };
/* End PBXFileReference section */

/* Begin PBXFrameworksBuildPhase section */
		E216A81729A9DDB700D97807 /* Frameworks */ = {
			isa = PBXFrameworksBuildPhase;
			buildActionMask = 2147483647;
			files = (
			);
			runOnlyForDeploymentPostprocessing = 0;
		};
		E216A82729A9DDBE00D97807 /* Frameworks */ = {
			isa = PBXFrameworksBuildPhase;
			buildActionMask = 2147483647;
			files = (
			);
			runOnlyForDeploymentPostprocessing = 0;
		};
		E216A83129A9DDBE00D97807 /* Frameworks */ = {
			isa = PBXFrameworksBuildPhase;
			buildActionMask = 2147483647;
			files = (
			);
			runOnlyForDeploymentPostprocessing = 0;
		};
/* End PBXFrameworksBuildPhase section */

/* Begin PBXGroup section */
		E216A81129A9DDB700D97807 = {
			isa = PBXGroup;
			children = (
				E216A81C29A9DDB700D97807 /* ViewsAndModifiers */,
				E216A82D29A9DDBE00D97807 /* ViewsAndModifiersTests */,
				E216A83729A9DDBE00D97807 /* ViewsAndModifiersUITests */,
				E216A81B29A9DDB700D97807 /* Products */,
			);
			sourceTree = "<group>";
		};
		E216A81B29A9DDB700D97807 /* Products */ = {
			isa = PBXGroup;
			children = (
				E216A81A29A9DDB700D97807 /* ViewsAndModifiers.app */,
				E216A82A29A9DDBE00D97807 /* ViewsAndModifiersTests.xctest */,
				E216A83429A9DDBE00D97807 /* ViewsAndModifiersUITests.xctest */,
			);
			name = Products;
			sourceTree = "<group>";
		};
		E216A81C29A9DDB700D97807 /* ViewsAndModifiers */ = {
			isa = PBXGroup;
			children = (
				E216A81D29A9DDB700D97807 /* ViewsAndModifiersApp.swift */,
				E216A81F29A9DDB700D97807 /* ContentView.swift */,
				E216A82129A9DDBD00D97807 /* Assets.xcassets */,
				E216A82329A9DDBD00D97807 /* Preview Content */,
			);
			path = ViewsAndModifiers;
			sourceTree = "<group>";
		};
		E216A82329A9DDBD00D97807 /* Preview Content */ = {
			isa = PBXGroup;
			children = (
				E216A82429A9DDBD00D97807 /* Preview Assets.xcassets */,
			);
			path = "Preview Content";
			sourceTree = "<group>";
		};
		E216A82D29A9DDBE00D97807 /* ViewsAndModifiersTests */ = {
			isa = PBXGroup;
			children = (
				E216A82E29A9DDBE00D97807 /* ViewsAndModifiersTests.swift */,
			);
			path = ViewsAndModifiersTests;
			sourceTree = "<group>";
		};
		E216A83729A9DDBE00D97807 /* ViewsAndModifiersUITests */ = {
			isa = PBXGroup;
			children = (
				E216A83829A9DDBE00D97807 /* ViewsAndModifiersUITests.swift */,
				E216A83A29A9DDBE00D97807 /* ViewsAndModifiersUITestsLaunchTests.swift */,
			);
			path = ViewsAndModifiersUITests;
			sourceTree = "<group>";
		};
/* End PBXGroup section */

/* Begin PBXNativeTarget section */
		E216A81929A9DDB700D97807 /* ViewsAndModifiers */ = {
			isa = PBXNativeTarget;
			buildConfigurationList = E216A83E29A9DDBE00D97807 /* Build configuration list for PBXNativeTarget "ViewsAndModifiers" */;
			buildPhases = (
				E216A81629A9DDB700D97807 /* Sources */,
				E216A81729A9DDB700D97807 /* Frameworks */,
				E216A81829A9DDB700D97807 /* Resources */,
			);
			buildRules = (
			);
			dependencies = (
			);
			name = ViewsAndModifiers;
			productName = ViewsAndModifiers;
			productReference = E216A81A29A9DDB700D97807 /* ViewsAndModifiers.app */;
			productType = "com.apple.product-type.application";
		};
		E216A82929A9DDBE00D97807 /* ViewsAndModifiersTests */ = {
			isa = PBXNativeTarget;
			buildConfigurationList = E216A84129A9DDBE00D97807 /* Build configuration list for PBXNativeTarget "ViewsAndModifiersTests" */;
			buildPhases = (
				E216A82629A9DDBE00D97807 /* Sources */,
				E216A82729A9DDBE00D97807 /* Frameworks */,
				E216A82829A9DDBE00D97807 /* Resources */,
			);
			buildRules = (
			);
			dependencies = (
				E216A82C29A9DDBE00D97807 /* PBXTargetDependency */,
			);
			name = ViewsAndModifiersTests;
			productName = ViewsAndModifiersTests;
			productReference = E216A82A29A9DDBE00D97807 /* ViewsAndModifiersTests.xctest */;
			productType = "com.apple.product-type.bundle.unit-test";
		};
		E216A83329A9DDBE00D97807 /* ViewsAndModifiersUITests */ = {
			isa = PBXNativeTarget;
			buildConfigurationList = E216A84429A9DDBE00D97807 /* Build configuration list for PBXNativeTarget "ViewsAndModifiersUITests" */;
			buildPhases = (
				E216A83029A9DDBE00D97807 /* Sources */,
				E216A83129A9DDBE00D97807 /* Frameworks */,
				E216A83229A9DDBE00D97807 /* Resources */,
			);
			buildRules = (
			);
			dependencies = (
				E216A83629A9DDBE00D97807 /* PBXTargetDependency */,
			);
			name = ViewsAndModifiersUITests;
			productName = ViewsAndModifiersUITests;
			productReference = E216A83429A9DDBE00D97807 /* ViewsAndModifiersUITests.xctest */;
			productType = "com.apple.product-type.bundle.ui-testing";
		};
/* End PBXNativeTarget section */

/* Begin PBXProject section */
		E216A81229A9DDB700D97807 /* Project object */ = {
			isa = PBXProject;
			attributes = {
				BuildIndependentTargetsInParallel = 1;
				LastSwiftUpdateCheck = 1420;
				LastUpgradeCheck = 1420;
				TargetAttributes = {
					E216A81929A9DDB700D97807 = {
						CreatedOnToolsVersion = 14.2;
					};
					E216A82929A9DDBE00D97807 = {
						CreatedOnToolsVersion = 14.2;
						TestTargetID = E216A81929A9DDB700D97807;
					};
					E216A83329A9DDBE00D97807 = {
						CreatedOnToolsVersion = 14.2;
						TestTargetID = E216A81929A9DDB700D97807;
					};
				};
			};
			buildConfigurationList = E216A81529A9DDB700D97807 /* Build configuration list for PBXProject "ViewsAndModifiers" */;
			compatibilityVersion = "Xcode 14.0";
			developmentRegion = en;
			hasScannedForEncodings = 0;
			knownRegions = (
				en,
				Base,
			);
			mainGroup = E216A81129A9DDB700D97807;
			productRefGroup = E216A81B29A9DDB700D97807 /* Products */;
			projectDirPath = "";
			projectRoot = "";
			targets = (
				E216A81929A9DDB700D97807 /* ViewsAndModifiers */,
				E216A82929A9DDBE00D97807 /* ViewsAndModifiersTests */,
				E216A83329A9DDBE00D97807 /* ViewsAndModifiersUITests */,
			);
		};
/* End PBXProject section */

/* Begin PBXResourcesBuildPhase section */
		E216A81829A9DDB700D97807 /* Resources */ = {
			isa = PBXResourcesBuildPhase;
			buildActionMask = 2147483647;
			files = (
				E216A82529A9DDBD00D97807 /* Preview Assets.xcassets in Resources */,
				E216A82229A9DDBD00D97807 /* Assets.xcassets in Resources */,
			);
			runOnlyForDeploymentPostprocessing = 0;
		};
		E216A82829A9DDBE00D97807 /* Resources */ = {
			isa = PBXResourcesBuildPhase;
			buildActionMask = 2147483647;
			files = (
			);
			runOnlyForDeploymentPostprocessing = 0;
		};
		E216A83229A9DDBE00D97807 /* Resources */ = {
			isa = PBXResourcesBuildPhase;
			buildActionMask = 2147483647;
			files = (
			);
			runOnlyForDeploymentPostprocessing = 0;
		};
/* End PBXResourcesBuildPhase section */

/* Begin PBXSourcesBuildPhase section */
		E216A81629A9DDB700D97807 /* Sources */ = {
			isa = PBXSourcesBuildPhase;
			buildActionMask = 2147483647;
			files = (
				E216A82029A9DDB700D97807 /* ContentView.swift in Sources */,
				E216A81E29A9DDB700D97807 /* ViewsAndModifiersApp.swift in Sources */,
			);
			runOnlyForDeploymentPostprocessing = 0;
		};
		E216A82629A9DDBE00D97807 /* Sources */ = {
			isa = PBXSourcesBuildPhase;
			buildActionMask = 2147483647;
			files = (
				E216A82F29A9DDBE00D97807 /* ViewsAndModifiersTests.swift in Sources */,
			);
			runOnlyForDeploymentPostprocessing = 0;
		};
		E216A83029A9DDBE00D97807 /* Sources */ = {
			isa = PBXSourcesBuildPhase;
			buildActionMask = 2147483647;
			files = (
				E216A83B29A9DDBE00D97807 /* ViewsAndModifiersUITestsLaunchTests.swift in Sources */,
				E216A83929A9DDBE00D97807 /* ViewsAndModifiersUITests.swift in Sources */,
			);
			runOnlyForDeploymentPostprocessing = 0;
		};
/* End PBXSourcesBuildPhase section */

/* Begin PBXTargetDependency section */
		E216A82C29A9DDBE00D97807 /* PBXTargetDependency */ = {
			isa = PBXTargetDependency;
			target = E216A81929A9DDB700D97807 /* ViewsAndModifiers */;
			targetProxy = E216A82B29A9DDBE00D97807 /* PBXContainerItemProxy */;
		};
		E216A83629A9DDBE00D97807 /* PBXTargetDependency */ = {
			isa = PBXTargetDependency;
			target = E216A81929A9DDB700D97807 /* ViewsAndModifiers */;
			targetProxy = E216A83529A9DDBE00D97807 /* PBXContainerItemProxy */;
		};
/* End PBXTargetDependency section */

/* Begin XCBuildConfiguration section */
		E216A83C29A9DDBE00D97807 /* Debug */ = {
			isa = XCBuildConfiguration;
			buildSettings = {
				ALWAYS_SEARCH_USER_PATHS = NO;
				CLANG_ANALYZER_NONNULL = YES;
				CLANG_ANALYZER_NUMBER_OBJECT_CONVERSION = YES_AGGRESSIVE;
				CLANG_CXX_LANGUAGE_STANDARD = "gnu++20";
				CLANG_ENABLE_MODULES = YES;
				CLANG_ENABLE_OBJC_ARC = YES;
				CLANG_ENABLE_OBJC_WEAK = YES;
				CLANG_WARN_BLOCK_CAPTURE_AUTORELEASING = YES;
				CLANG_WARN_BOOL_CONVERSION = YES;
				CLANG_WARN_COMMA = YES;
				CLANG_WARN_CONSTANT_CONVERSION = YES;
				CLANG_WARN_DEPRECATED_OBJC_IMPLEMENTATIONS = YES;
				CLANG_WARN_DIRECT_OBJC_ISA_USAGE = YES_ERROR;
				CLANG_WARN_DOCUMENTATION_COMMENTS = YES;
				CLANG_WARN_EMPTY_BODY = YES;
				CLANG_WARN_ENUM_CONVERSION = YES;
				CLANG_WARN_INFINITE_RECURSION = YES;
				CLANG_WARN_INT_CONVERSION = YES;
				CLANG_WARN_NON_LITERAL_NULL_CONVERSION = YES;
				CLANG_WARN_OBJC_IMPLICIT_RETAIN_SELF = YES;
				CLANG_WARN_OBJC_LITERAL_CONVERSION = YES;
				CLANG_WARN_OBJC_ROOT_CLASS = YES_ERROR;
				CLANG_WARN_QUOTED_INCLUDE_IN_FRAMEWORK_HEADER = YES;
				CLANG_WARN_RANGE_LOOP_ANALYSIS = YES;
				CLANG_WARN_STRICT_PROTOTYPES = YES;
				CLANG_WARN_SUSPICIOUS_MOVE = YES;
				CLANG_WARN_UNGUARDED_AVAILABILITY = YES_AGGRESSIVE;
				CLANG_WARN_UNREACHABLE_CODE = YES;
				CLANG_WARN__DUPLICATE_METHOD_MATCH = YES;
				COPY_PHASE_STRIP = NO;
				DEBUG_INFORMATION_FORMAT = dwarf;
				ENABLE_STRICT_OBJC_MSGSEND = YES;
				ENABLE_TESTABILITY = YES;
				GCC_C_LANGUAGE_STANDARD = gnu11;
				GCC_DYNAMIC_NO_PIC = NO;
				GCC_NO_COMMON_BLOCKS = YES;
				GCC_OPTIMIZATION_LEVEL = 0;
				GCC_PREPROCESSOR_DEFINITIONS = (
					"DEBUG=1",
					"$(inherited)",
				);
				GCC_WARN_64_TO_32_BIT_CONVERSION = YES;
				GCC_WARN_ABOUT_RETURN_TYPE = YES_ERROR;
				GCC_WARN_UNDECLARED_SELECTOR = YES;
				GCC_WARN_UNINITIALIZED_AUTOS = YES_AGGRESSIVE;
				GCC_WARN_UNUSED_FUNCTION = YES;
				GCC_WARN_UNUSED_VARIABLE = YES;
				IPHONEOS_DEPLOYMENT_TARGET = 16.2;
				MTL_ENABLE_DEBUG_INFO = INCLUDE_SOURCE;
				MTL_FAST_MATH = YES;
				ONLY_ACTIVE_ARCH = YES;
				SDKROOT = iphoneos;
				SWIFT_ACTIVE_COMPILATION_CONDITIONS = DEBUG;
				SWIFT_OPTIMIZATION_LEVEL = "-Onone";
			};
			name = Debug;
		};
		E216A83D29A9DDBE00D97807 /* Release */ = {
			isa = XCBuildConfiguration;
			buildSettings = {
				ALWAYS_SEARCH_USER_PATHS = NO;
				CLANG_ANALYZER_NONNULL = YES;
				CLANG_ANALYZER_NUMBER_OBJECT_CONVERSION = YES_AGGRESSIVE;
				CLANG_CXX_LANGUAGE_STANDARD = "gnu++20";
				CLANG_ENABLE_MODULES = YES;
				CLANG_ENABLE_OBJC_ARC = YES;
				CLANG_ENABLE_OBJC_WEAK = YES;
				CLANG_WARN_BLOCK_CAPTURE_AUTORELEASING = YES;
				CLANG_WARN_BOOL_CONVERSION = YES;
				CLANG_WARN_COMMA = YES;
				CLANG_WARN_CONSTANT_CONVERSION = YES;
				CLANG_WARN_DEPRECATED_OBJC_IMPLEMENTATIONS = YES;
				CLANG_WARN_DIRECT_OBJC_ISA_USAGE = YES_ERROR;
				CLANG_WARN_DOCUMENTATION_COMMENTS = YES;
				CLANG_WARN_EMPTY_BODY = YES;
				CLANG_WARN_ENUM_CONVERSION = YES;
				CLANG_WARN_INFINITE_RECURSION = YES;
				CLANG_WARN_INT_CONVERSION = YES;
				CLANG_WARN_NON_LITERAL_NULL_CONVERSION = YES;
				CLANG_WARN_OBJC_IMPLICIT_RETAIN_SELF = YES;
				CLANG_WARN_OBJC_LITERAL_CONVERSION = YES;
				CLANG_WARN_OBJC_ROOT_CLASS = YES_ERROR;
				CLANG_WARN_QUOTED_INCLUDE_IN_FRAMEWORK_HEADER = YES;
				CLANG_WARN_RANGE_LOOP_ANALYSIS = YES;
				CLANG_WARN_STRICT_PROTOTYPES = YES;
				CLANG_WARN_SUSPICIOUS_MOVE = YES;
				CLANG_WARN_UNGUARDED_AVAILABILITY = YES_AGGRESSIVE;
				CLANG_WARN_UNREACHABLE_CODE = YES;
				CLANG_WARN__DUPLICATE_METHOD_MATCH = YES;
				COPY_PHASE_STRIP = NO;
				DEBUG_INFORMATION_FORMAT = "dwarf-with-dsym";
				ENABLE_NS_ASSERTIONS = NO;
				ENABLE_STRICT_OBJC_MSGSEND = YES;
				GCC_C_LANGUAGE_STANDARD = gnu11;
				GCC_NO_COMMON_BLOCKS = YES;
				GCC_WARN_64_TO_32_BIT_CONVERSION = YES;
				GCC_WARN_ABOUT_RETURN_TYPE = YES_ERROR;
				GCC_WARN_UNDECLARED_SELECTOR = YES;
				GCC_WARN_UNINITIALIZED_AUTOS = YES_AGGRESSIVE;
				GCC_WARN_UNUSED_FUNCTION = YES;
				GCC_WARN_UNUSED_VARIABLE = YES;
				IPHONEOS_DEPLOYMENT_TARGET = 16.2;
				MTL_ENABLE_DEBUG_INFO = NO;
				MTL_FAST_MATH = YES;
				SDKROOT = iphoneos;
				SWIFT_COMPILATION_MODE = wholemodule;
				SWIFT_OPTIMIZATION_LEVEL = "-O";
				VALIDATE_PRODUCT = YES;
			};
			name = Release;
		};
		E216A83F29A9DDBE00D97807 /* Debug */ = {
			isa = XCBuildConfiguration;
			buildSettings = {
				ASSETCATALOG_COMPILER_APPICON_NAME = AppIcon;
				ASSETCATALOG_COMPILER_GLOBAL_ACCENT_COLOR_NAME = AccentColor;
				CODE_SIGN_STYLE = Automatic;
				CURRENT_PROJECT_VERSION = 1;
				DEVELOPMENT_ASSET_PATHS = "\"ViewsAndModifiers/Preview Content\"";
				DEVELOPMENT_TEAM = 49JL8262M2;
				ENABLE_PREVIEWS = YES;
				GENERATE_INFOPLIST_FILE = YES;
				INFOPLIST_KEY_UIApplicationSceneManifest_Generation = YES;
				INFOPLIST_KEY_UIApplicationSupportsIndirectInputEvents = YES;
				INFOPLIST_KEY_UILaunchScreen_Generation = YES;
				INFOPLIST_KEY_UISupportedInterfaceOrientations_iPad = "UIInterfaceOrientationPortrait UIInterfaceOrientationPortraitUpsideDown UIInterfaceOrientationLandscapeLeft UIInterfaceOrientationLandscapeRight";
				INFOPLIST_KEY_UISupportedInterfaceOrientations_iPhone = "UIInterfaceOrientationPortrait UIInterfaceOrientationLandscapeLeft UIInterfaceOrientationLandscapeRight";
				LD_RUNPATH_SEARCH_PATHS = (
					"$(inherited)",
					"@executable_path/Frameworks",
				);
				MARKETING_VERSION = 1.0;
				PRODUCT_BUNDLE_IDENTIFIER = com.prakhartrivedi.ViewsAndModifiers;
				PRODUCT_NAME = "$(TARGET_NAME)";
				SWIFT_EMIT_LOC_STRINGS = YES;
				SWIFT_VERSION = 5.0;
				TARGETED_DEVICE_FAMILY = "1,2";
			};
			name = Debug;
		};
		E216A84029A9DDBE00D97807 /* Release */ = {
			isa = XCBuildConfiguration;
			buildSettings = {
				ASSETCATALOG_COMPILER_APPICON_NAME = AppIcon;
				ASSETCATALOG_COMPILER_GLOBAL_ACCENT_COLOR_NAME = AccentColor;
				CODE_SIGN_STYLE = Automatic;
				CURRENT_PROJECT_VERSION = 1;
				DEVELOPMENT_ASSET_PATHS = "\"ViewsAndModifiers/Preview Content\"";
				DEVELOPMENT_TEAM = 49JL8262M2;
				ENABLE_PREVIEWS = YES;
				GENERATE_INFOPLIST_FILE = YES;
				INFOPLIST_KEY_UIApplicationSceneManifest_Generation = YES;
				INFOPLIST_KEY_UIApplicationSupportsIndirectInputEvents = YES;
				INFOPLIST_KEY_UILaunchScreen_Generation = YES;
				INFOPLIST_KEY_UISupportedInterfaceOrientations_iPad = "UIInterfaceOrientationPortrait UIInterfaceOrientationPortraitUpsideDown UIInterfaceOrientationLandscapeLeft UIInterfaceOrientationLandscapeRight";
				INFOPLIST_KEY_UISupportedInterfaceOrientations_iPhone = "UIInterfaceOrientationPortrait UIInterfaceOrientationLandscapeLeft UIInterfaceOrientationLandscapeRight";
				LD_RUNPATH_SEARCH_PATHS = (
					"$(inherited)",
					"@executable_path/Frameworks",
				);
				MARKETING_VERSION = 1.0;
				PRODUCT_BUNDLE_IDENTIFIER = com.prakhartrivedi.ViewsAndModifiers;
				PRODUCT_NAME = "$(TARGET_NAME)";
				SWIFT_EMIT_LOC_STRINGS = YES;
				SWIFT_VERSION = 5.0;
				TARGETED_DEVICE_FAMILY = "1,2";
			};
			name = Release;
		};
		E216A84229A9DDBE00D97807 /* Debug */ = {
			isa = XCBuildConfiguration;
			buildSettings = {
				ALWAYS_EMBED_SWIFT_STANDARD_LIBRARIES = YES;
				BUNDLE_LOADER = "$(TEST_HOST)";
				CODE_SIGN_STYLE = Automatic;
				CURRENT_PROJECT_VERSION = 1;
				DEVELOPMENT_TEAM = 49JL8262M2;
				GENERATE_INFOPLIST_FILE = YES;
				IPHONEOS_DEPLOYMENT_TARGET = 16.2;
				MARKETING_VERSION = 1.0;
				PRODUCT_BUNDLE_IDENTIFIER = com.prakhartrivedi.ViewsAndModifiersTests;
				PRODUCT_NAME = "$(TARGET_NAME)";
				SWIFT_EMIT_LOC_STRINGS = NO;
				SWIFT_VERSION = 5.0;
				TARGETED_DEVICE_FAMILY = "1,2";
				TEST_HOST = "$(BUILT_PRODUCTS_DIR)/ViewsAndModifiers.app/$(BUNDLE_EXECUTABLE_FOLDER_PATH)/ViewsAndModifiers";
			};
			name = Debug;
		};
		E216A84329A9DDBE00D97807 /* Release */ = {
			isa = XCBuildConfiguration;
			buildSettings = {
				ALWAYS_EMBED_SWIFT_STANDARD_LIBRARIES = YES;
				BUNDLE_LOADER = "$(TEST_HOST)";
				CODE_SIGN_STYLE = Automatic;
				CURRENT_PROJECT_VERSION = 1;
				DEVELOPMENT_TEAM = 49JL8262M2;
				GENERATE_INFOPLIST_FILE = YES;
				IPHONEOS_DEPLOYMENT_TARGET = 16.2;
				MARKETING_VERSION = 1.0;
				PRODUCT_BUNDLE_IDENTIFIER = com.prakhartrivedi.ViewsAndModifiersTests;
				PRODUCT_NAME = "$(TARGET_NAME)";
				SWIFT_EMIT_LOC_STRINGS = NO;
				SWIFT_VERSION = 5.0;
				TARGETED_DEVICE_FAMILY = "1,2";
				TEST_HOST = "$(BUILT_PRODUCTS_DIR)/ViewsAndModifiers.app/$(BUNDLE_EXECUTABLE_FOLDER_PATH)/ViewsAndModifiers";
			};
			name = Release;
		};
		E216A84529A9DDBE00D97807 /* Debug */ = {
			isa = XCBuildConfiguration;
			buildSettings = {
				ALWAYS_EMBED_SWIFT_STANDARD_LIBRARIES = YES;
				CODE_SIGN_STYLE = Automatic;
				CURRENT_PROJECT_VERSION = 1;
				DEVELOPMENT_TEAM = 49JL8262M2;
				GENERATE_INFOPLIST_FILE = YES;
				MARKETING_VERSION = 1.0;
				PRODUCT_BUNDLE_IDENTIFIER = com.prakhartrivedi.ViewsAndModifiersUITests;
				PRODUCT_NAME = "$(TARGET_NAME)";
				SWIFT_EMIT_LOC_STRINGS = NO;
				SWIFT_VERSION = 5.0;
				TARGETED_DEVICE_FAMILY = "1,2";
				TEST_TARGET_NAME = ViewsAndModifiers;
			};
			name = Debug;
		};
		E216A84629A9DDBE00D97807 /* Release */ = {
			isa = XCBuildConfiguration;
			buildSettings = {
				ALWAYS_EMBED_SWIFT_STANDARD_LIBRARIES = YES;
				CODE_SIGN_STYLE = Automatic;
				CURRENT_PROJECT_VERSION = 1;
				DEVELOPMENT_TEAM = 49JL8262M2;
				GENERATE_INFOPLIST_FILE = YES;
				MARKETING_VERSION = 1.0;
				PRODUCT_BUNDLE_IDENTIFIER = com.prakhartrivedi.ViewsAndModifiersUITests;
				PRODUCT_NAME = "$(TARGET_NAME)";
				SWIFT_EMIT_LOC_STRINGS = NO;
				SWIFT_VERSION = 5.0;
				TARGETED_DEVICE_FAMILY = "1,2";
				TEST_TARGET_NAME = ViewsAndModifiers;
			};
			name = Release;
		};
/* End XCBuildConfiguration section */

/* Begin XCConfigurationList section */
		E216A81529A9DDB700D97807 /* Build configuration list for PBXProject "ViewsAndModifiers" */ = {
			isa = XCConfigurationList;
			buildConfigurations = (
				E216A83C29A9DDBE00D97807 /* Debug */,
				E216A83D29A9DDBE00D97807 /* Release */,
			);
			defaultConfigurationIsVisible = 0;
			defaultConfigurationName = Release;
		};
		E216A83E29A9DDBE00D97807 /* Build configuration list for PBXNativeTarget "ViewsAndModifiers" */ = {
			isa = XCConfigurationList;
			buildConfigurations = (
				E216A83F29A9DDBE00D97807 /* Debug */,
				E216A84029A9DDBE00D97807 /* Release */,
			);
			defaultConfigurationIsVisible = 0;
			defaultConfigurationName = Release;
		};
		E216A84129A9DDBE00D97807 /* Build configuration list for PBXNativeTarget "ViewsAndModifiersTests" */ = {
			isa = XCConfigurationList;
			buildConfigurations = (
				E216A84229A9DDBE00D97807 /* Debug */,
				E216A84329A9DDBE00D97807 /* Release */,
			);
			defaultConfigurationIsVisible = 0;
			defaultConfigurationName = Release;
		};
		E216A84429A9DDBE00D97807 /* Build configuration list for PBXNativeTarget "ViewsAndModifiersUITests" */ = {
			isa = XCConfigurationList;
			buildConfigurations = (
				E216A84529A9DDBE00D97807 /* Debug */,
				E216A84629A9DDBE00D97807 /* Release */,
			);
			defaultConfigurationIsVisible = 0;
			defaultConfigurationName = Release;
		};
/* End XCConfigurationList section */
	};
	rootObject = E216A81229A9DDB700D97807 /* Project object */;
}
